
Microsoft Visual Studio Solution File, Format Version 12.00
# Visual Studio Version 17
VisualStudioVersion = 17.4.33213.308
MinimumVisualStudioVersion = 10.0.40219.1
Project("{FAE04EC0-301F-11D3-BF4B-00C04F79EFBC}") = "PSS ITWORKS", "PSS ITWORKS.csproj", "{C4AFD9CB-2A3D-4E77-BA1C-CCC07BE0C013}"
EndProject
Global
	GlobalSection(SolutionConfigurationPlatforms) = preSolution
		Debug|Any CPU = Debug|Any CPU
		Release|Any CPU = Release|Any CPU
	EndGlobalSection
	GlobalSection(ProjectConfigurationPlatforms) = postSolution
		{C4AFD9CB-2A3D-4E77-BA1C-CCC07BE0C013}.Debug|Any CPU.ActiveCfg = Debug|Any CPU
		{C4AFD9CB-2A3D-4E77-BA1C-CCC07BE0C013}.Debug|Any CPU.Build.0 = Debug|Any CPU
		{C4AFD9CB-2A3D-4E77-BA1C-CCC07BE0C013}.Release|Any CPU.ActiveCfg = Release|Any CPU
		{C4AFD9CB-2A3D-4E77-BA1C-CCC07BE0C013}.Release|Any CPU.Build.0 = Release|Any CPU
	EndGlobalSection
	GlobalSection(SolutionProperties) = preSolution
		HideSolutionNode = FALSE
	EndGlobalSection
	GlobalSection(ExtensibilityGlobals) = postSolution
		SolutionGuid = {7208C255-581A-4C58-BE6E-4F53DAFDE4E5}
	EndGlobalSection
EndGlobal
